
Microsoft Visual Studio Solution File, Format Version 12.00
# Visual Studio Version 16
VisualStudioVersion = 16.0.30907.101
MinimumVisualStudioVersion = 10.0.40219.1
Project("{9A19103F-16F7-4668-BE54-9A1E7A4F7556}") = "SuperBASIC", "SuperBASIC.csproj", "{51942D92-4C96-4FD9-AA5B-C35661E3B063}"
EndProject
Project("{2150E333-8FDC-42A3-9474-1A3956D46DE8}") = "Solution Items", "Solution Items", "{6CAF26DC-14D4-48B6-973C-0EDFDDED6909}"
EndProject
Project("{FAE04EC0-301F-11D3-BF4B-00C04F79EFBC}") = "TestProject2", "..\TestProject2\TestProject2.csproj", "{7877D71A-7512-4403-A9A9-E1E41EBE89AF}"
EndProject
Global
	GlobalSection(SolutionConfigurationPlatforms) = preSolution
		Debug|Any CPU = Debug|Any CPU
		Release|Any CPU = Release|Any CPU
	EndGlobalSection
	GlobalSection(ProjectConfigurationPlatforms) = postSolution
		{51942D92-4C96-4FD9-AA5B-C35661E3B063}.Debug|Any CPU.ActiveCfg = Debug|Any CPU
		{51942D92-4C96-4FD9-AA5B-C35661E3B063}.Debug|Any CPU.Build.0 = Debug|Any CPU
		{51942D92-4C96-4FD9-AA5B-C35661E3B063}.Release|Any CPU.ActiveCfg = Release|Any CPU
		{51942D92-4C96-4FD9-AA5B-C35661E3B063}.Release|Any CPU.Build.0 = Release|Any CPU
		{7877D71A-7512-4403-A9A9-E1E41EBE89AF}.Debug|Any CPU.ActiveCfg = Debug|Any CPU
		{7877D71A-7512-4403-A9A9-E1E41EBE89AF}.Debug|Any CPU.Build.0 = Debug|Any CPU
		{7877D71A-7512-4403-A9A9-E1E41EBE89AF}.Release|Any CPU.ActiveCfg = Release|Any CPU
		{7877D71A-7512-4403-A9A9-E1E41EBE89AF}.Release|Any CPU.Build.0 = Release|Any CPU
	EndGlobalSection
	GlobalSection(SolutionProperties) = preSolution
		HideSolutionNode = FALSE
	EndGlobalSection
	GlobalSection(ExtensibilityGlobals) = postSolution
		SolutionGuid = {B03097C8-5C88-49D7-BD8F-EF905E9827EA}
	EndGlobalSection
EndGlobal
